{
  "name": "age",
  "version": "1.0.0",
  "lockfileVersion": 1,
  "requires": true,
  "dependencies": {
    "@types/arcgis-js-api": {
      "version": "http://kristian.esri.com/javascript/latest/api-reference/typings/arcgis-js-api-4.12.tgz",
      "integrity": "sha512-eiJU+ElyvR0BUPdPsD5m0zUpTxFa23OJmw4HyFNJnnItn3AFjjQUMjLImoz35m1xzWR9aKo0BSF5SiikcmP9Jw==",
      "dev": true
    }
  }
}
