{
  "name": "age",
  "version": "1.0.0",
  "lockfileVersion": 1,
  "requires": true,
  "dependencies": {
    "@types/arcgis-js-api": {
      "version": "http://kristian.esri.com/javascript/latest/api-reference/typings/arcgis-js-api-4.12.tgz",
      "integrity": "sha512-/TvFS94fxH+Zf3Cz41gIY+DFT/71jW+WYm5aJiBjudBcerXFgUujorzZoTReD4LTFlyjPM2gyzZIGZpBQljVtQ==",
      "dev": true
    }
  }
}
